
Microsoft Visual Studio Solution File, Format Version 12.00
# Visual Studio Version 17
VisualStudioVersion = 17.8.34330.188
MinimumVisualStudioVersion = 10.0.40219.1
Project("{9A19103F-16F7-4668-BE54-9A1E7A4F7556}") = "ReviewOfFundamentalBasics", "ReviewOfFundamentalBasics\ReviewOfFundamentalBasics.csproj", "{E3E5C322-98A6-41D8-8968-7095FB5D5A46}"
EndProject
Project("{FAE04EC0-301F-11D3-BF4B-00C04F79EFBC}") = "ClassReviewLibrary", "ClassReviewLibrary\ClassReviewLibrary.csproj", "{BA00BD02-A118-4AD4-A68D-BAD92B1CCE0C}"
EndProject
Global
	GlobalSection(SolutionConfigurationPlatforms) = preSolution
		Debug|Any CPU = Debug|Any CPU
		Release|Any CPU = Release|Any CPU
	EndGlobalSection
	GlobalSection(ProjectConfigurationPlatforms) = postSolution
		{E3E5C322-98A6-41D8-8968-7095FB5D5A46}.Debug|Any CPU.ActiveCfg = Debug|Any CPU
		{E3E5C322-98A6-41D8-8968-7095FB5D5A46}.Debug|Any CPU.Build.0 = Debug|Any CPU
		{E3E5C322-98A6-41D8-8968-7095FB5D5A46}.Release|Any CPU.ActiveCfg = Release|Any CPU
		{E3E5C322-98A6-41D8-8968-7095FB5D5A46}.Release|Any CPU.Build.0 = Release|Any CPU
		{BA00BD02-A118-4AD4-A68D-BAD92B1CCE0C}.Debug|Any CPU.ActiveCfg = Debug|Any CPU
		{BA00BD02-A118-4AD4-A68D-BAD92B1CCE0C}.Debug|Any CPU.Build.0 = Debug|Any CPU
		{BA00BD02-A118-4AD4-A68D-BAD92B1CCE0C}.Release|Any CPU.ActiveCfg = Release|Any CPU
		{BA00BD02-A118-4AD4-A68D-BAD92B1CCE0C}.Release|Any CPU.Build.0 = Release|Any CPU
	EndGlobalSection
	GlobalSection(SolutionProperties) = preSolution
		HideSolutionNode = FALSE
	EndGlobalSection
	GlobalSection(ExtensibilityGlobals) = postSolution
		SolutionGuid = {E4CAD4CD-9502-4AA6-B07E-FF5A14F3AFA6}
	EndGlobalSection
EndGlobal
