
Microsoft Visual Studio Solution File, Format Version 12.00
# Visual Studio Version 17
VisualStudioVersion = 17.8.34330.188
MinimumVisualStudioVersion = 10.0.40219.1
Project("{FAE04EC0-301F-11D3-BF4B-00C04F79EFBC}") = "UnitTests", "UnitTests\UnitTests.csproj", "{B06F5B30-FCEB-4F56-AB3A-18B7C70152E5}"
EndProject
Project("{FAE04EC0-301F-11D3-BF4B-00C04F79EFBC}") = "EmploymentSystem", "EmploymentSystem\EmploymentSystem.csproj", "{5767FC84-57CD-4FC5-A0F6-01EEFD1E08CE}"
EndProject
Global
	GlobalSection(SolutionConfigurationPlatforms) = preSolution
		Debug|Any CPU = Debug|Any CPU
		Release|Any CPU = Release|Any CPU
	EndGlobalSection
	GlobalSection(ProjectConfigurationPlatforms) = postSolution
		{B06F5B30-FCEB-4F56-AB3A-18B7C70152E5}.Debug|Any CPU.ActiveCfg = Debug|Any CPU
		{B06F5B30-FCEB-4F56-AB3A-18B7C70152E5}.Debug|Any CPU.Build.0 = Debug|Any CPU
		{B06F5B30-FCEB-4F56-AB3A-18B7C70152E5}.Release|Any CPU.ActiveCfg = Release|Any CPU
		{B06F5B30-FCEB-4F56-AB3A-18B7C70152E5}.Release|Any CPU.Build.0 = Release|Any CPU
		{5767FC84-57CD-4FC5-A0F6-01EEFD1E08CE}.Debug|Any CPU.ActiveCfg = Debug|Any CPU
		{5767FC84-57CD-4FC5-A0F6-01EEFD1E08CE}.Debug|Any CPU.Build.0 = Debug|Any CPU
		{5767FC84-57CD-4FC5-A0F6-01EEFD1E08CE}.Release|Any CPU.ActiveCfg = Release|Any CPU
		{5767FC84-57CD-4FC5-A0F6-01EEFD1E08CE}.Release|Any CPU.Build.0 = Release|Any CPU
	EndGlobalSection
	GlobalSection(SolutionProperties) = preSolution
		HideSolutionNode = FALSE
	EndGlobalSection
	GlobalSection(ExtensibilityGlobals) = postSolution
		SolutionGuid = {F6EC0D37-410B-4985-B463-DA86B40D542F}
	EndGlobalSection
EndGlobal
